{
    "version": 3,
    "terraform_version": "0.11.7",
    "serial": 14,
    "lineage": "2166445c-e56a-8c19-3efc-28c3f0ce8d66",
    "modules": [
        {
            "path": [
                "root"
            ],
            "outputs": {},
            "resources": {
                "aws_route53_record.agenciaback": {
                    "type": "aws_route53_record",
                    "depends_on": [
                        "data.aws_s3_bucket.agenciaback"
                    ],
                    "primary": {
                        "id": "Z2H6FQQZEDI3W7_agenciaback.com_A",
                        "attributes": {
                            "alias.#": "1",
                            "alias.2781413164.evaluate_target_health": "false",
                            "alias.2781413164.name": "s3-website-us-east-1.amazonaws.com",
                            "alias.2781413164.zone_id": "Z3AQBSTGFYJSTF",
                            "fqdn": "agenciaback.com",
                            "id": "Z2H6FQQZEDI3W7_agenciaback.com_A",
                            "name": "agenciaback.com",
                            "type": "A",
                            "zone_id": "Z2H6FQQZEDI3W7"
                        },
                        "meta": {
                            "schema_version": "2"
                        },
                        "tainted": false
                    },
                    "deposed": [],
                    "provider": "provider.aws"
                },
                "aws_route53_record.www": {
                    "type": "aws_route53_record",
                    "depends_on": [
                        "data.aws_s3_bucket.agenciaback"
                    ],
                    "primary": {
                        "id": "Z2H6FQQZEDI3W7_www.agenciaback.com_CNAME",
                        "attributes": {
                            "fqdn": "www.agenciaback.com",
                            "id": "Z2H6FQQZEDI3W7_www.agenciaback.com_CNAME",
                            "name": "www.agenciaback.com",
                            "records.#": "1",
                            "records.3127094861": "agenciaback.com.",
                            "ttl": "300",
                            "type": "CNAME",
                            "zone_id": "Z2H6FQQZEDI3W7"
                        },
                        "meta": {
                            "schema_version": "2"
                        },
                        "tainted": false
                    },
                    "deposed": [],
                    "provider": "provider.aws"
                },
                "aws_s3_bucket.agenciaback": {
                    "type": "aws_s3_bucket",
                    "depends_on": [],
                    "primary": {
                        "id": "agenciaback.com",
                        "attributes": {
                            "acceleration_status": "",
                            "acl": "public-read",
                            "arn": "arn:aws:s3:::agenciaback.com",
                            "bucket": "agenciaback.com",
                            "bucket_domain_name": "agenciaback.com.s3.amazonaws.com",
                            "bucket_regional_domain_name": "agenciaback.com.s3.amazonaws.com",
                            "cors_rule.#": "0",
                            "force_destroy": "false",
                            "hosted_zone_id": "Z3AQBSTGFYJSTF",
                            "id": "agenciaback.com",
                            "lifecycle_rule.#": "0",
                            "logging.#": "0",
                            "object_lock_configuration.#": "0",
                            "policy": "{\"Statement\":[{\"Action\":\"s3:GetObject\",\"Effect\":\"Allow\",\"Principal\":\"*\",\"Resource\":\"arn:aws:s3:::agenciaback.com/*\",\"Sid\":\"PublicReadGetObject\"}],\"Version\":\"2012-10-17\"}",
                            "region": "us-east-1",
                            "replication_configuration.#": "0",
                            "request_payer": "BucketOwner",
                            "server_side_encryption_configuration.#": "0",
                            "tags.%": "0",
                            "versioning.#": "1",
                            "versioning.0.enabled": "false",
                            "versioning.0.mfa_delete": "false",
                            "website.#": "1",
                            "website.0.error_document": "error.html",
                            "website.0.index_document": "index.html",
                            "website.0.redirect_all_requests_to": "",
                            "website.0.routing_rules": "",
                            "website_domain": "s3-website-us-east-1.amazonaws.com",
                            "website_endpoint": "agenciaback.com.s3-website-us-east-1.amazonaws.com"
                        },
                        "meta": {},
                        "tainted": false
                    },
                    "deposed": [],
                    "provider": "provider.aws"
                },
                "aws_s3_bucket.www": {
                    "type": "aws_s3_bucket",
                    "depends_on": [
                        "data.aws_s3_bucket.agenciaback"
                    ],
                    "primary": {
                        "id": "www.agenciaback.com",
                        "attributes": {
                            "acceleration_status": "",
                            "acl": "public-read",
                            "arn": "arn:aws:s3:::www.agenciaback.com",
                            "bucket": "www.agenciaback.com",
                            "bucket_domain_name": "www.agenciaback.com.s3.amazonaws.com",
                            "bucket_regional_domain_name": "www.agenciaback.com.s3.amazonaws.com",
                            "cors_rule.#": "0",
                            "force_destroy": "false",
                            "hosted_zone_id": "Z3AQBSTGFYJSTF",
                            "id": "www.agenciaback.com",
                            "lifecycle_rule.#": "0",
                            "logging.#": "0",
                            "object_lock_configuration.#": "0",
                            "policy": "{\"Statement\":[{\"Action\":\"s3:GetObject\",\"Effect\":\"Allow\",\"Principal\":\"*\",\"Resource\":\"arn:aws:s3:::www.agenciaback.com/*\",\"Sid\":\"PublicReadGetObject\"}],\"Version\":\"2012-10-17\"}",
                            "region": "us-east-1",
                            "replication_configuration.#": "0",
                            "request_payer": "BucketOwner",
                            "server_side_encryption_configuration.#": "0",
                            "tags.%": "0",
                            "versioning.#": "1",
                            "versioning.0.enabled": "false",
                            "versioning.0.mfa_delete": "false",
                            "website.#": "1",
                            "website.0.error_document": "",
                            "website.0.index_document": "",
                            "website.0.redirect_all_requests_to": "agenciaback.com",
                            "website.0.routing_rules": "",
                            "website_domain": "s3-website-us-east-1.amazonaws.com",
                            "website_endpoint": "www.agenciaback.com.s3-website-us-east-1.amazonaws.com"
                        },
                        "meta": {},
                        "tainted": false
                    },
                    "deposed": [],
                    "provider": "provider.aws"
                },
                "data.aws_s3_bucket.agenciaback": {
                    "type": "aws_s3_bucket",
                    "depends_on": [],
                    "primary": {
                        "id": "agenciaback.com",
                        "attributes": {
                            "arn": "arn:aws:s3:::agenciaback.com",
                            "bucket": "agenciaback.com",
                            "bucket_domain_name": "agenciaback.com.s3.amazonaws.com",
                            "bucket_regional_domain_name": "agenciaback.com.s3.amazonaws.com",
                            "hosted_zone_id": "Z3AQBSTGFYJSTF",
                            "id": "agenciaback.com",
                            "region": "us-east-1",
                            "website_domain": "s3-website-us-east-1.amazonaws.com",
                            "website_endpoint": "agenciaback.com.s3-website-us-east-1.amazonaws.com"
                        },
                        "meta": {},
                        "tainted": false
                    },
                    "deposed": [],
                    "provider": "provider.aws"
                }
            },
            "depends_on": []
        }
    ]
}
